
Microsoft Visual Studio Solution File, Format Version 12.00
# Visual Studio 2012
Project("{FAE04EC0-301F-11D3-BF4B-00C04F79EFBC}") = "DBUtility", "DBUtility\DBUtility.csproj", "{ECFBE7C4-FFE7-43FB-BA15-684571506039}"
EndProject
Project("{FAE04EC0-301F-11D3-BF4B-00C04F79EFBC}") = "FoodSafetyMonitoring", "FoodSafetyMonitoring\FoodSafetyMonitoring.csproj", "{CE73DA63-3B6B-49AF-A31E-70F9BB46B6FF}"
EndProject
Project("{FAE04EC0-301F-11D3-BF4B-00C04F79EFBC}") = "AutoUpdate", "AutoUpdate\AutoUpdate.csproj", "{DDF7C87D-1462-444B-831D-AE9733C1C97F}"
EndProject
Project("{6141683F-8A12-4E36-9623-2EB02B2C2303}") = "ZRDFSSystem", "ZRDFSSystem\ZRDFSSystem.isproj", "{6E33B6F2-A212-46A8-A394-84672F7CA82B}"
	ProjectSection(ProjectDependencies) = postProject
		{CE73DA63-3B6B-49AF-A31E-70F9BB46B6FF} = {CE73DA63-3B6B-49AF-A31E-70F9BB46B6FF}
		{DDF7C87D-1462-444B-831D-AE9733C1C97F} = {DDF7C87D-1462-444B-831D-AE9733C1C97F}
	EndProjectSection
EndProject
Project("{FAE04EC0-301F-11D3-BF4B-00C04F79EFBC}") = "FoodSafety.Service.Dal", "FoodSafety.Service.Dal\FoodSafety.Service.Dal.csproj", "{6D69DA6D-CF7A-47C4-B262-9CB44CA58CCA}"
EndProject
Project("{FAE04EC0-301F-11D3-BF4B-00C04F79EFBC}") = "FoodSafety.Service.Biz", "FoodSafety.Service.Biz\FoodSafety.Service.Biz.csproj", "{F96CEE9F-12B6-4343-84B8-30F9D863AAC6}"
EndProject
Project("{FAE04EC0-301F-11D3-BF4B-00C04F79EFBC}") = "FoodSafety.Model", "FoodSafety.Model\FoodSafety.Model.csproj", "{00AEC28D-B1EA-4F01-A14C-67543F3FC2D2}"
EndProject
Project("{FAE04EC0-301F-11D3-BF4B-00C04F79EFBC}") = "FoodSafety.DI", "FoodSafety.DI\FoodSafety.DI.csproj", "{357045E2-4775-4682-84B2-194B6BBACF2F}"
EndProject
Project("{FAE04EC0-301F-11D3-BF4B-00C04F79EFBC}") = "FoodSafety.Service", "FoodSafety.Service\FoodSafety.Service.csproj", "{01EC056E-63BF-4374-94E5-8E4A2553C401}"
EndProject
Project("{FAE04EC0-301F-11D3-BF4B-00C04F79EFBC}") = "FoodSafety.Service.Contract", "FoodSafety.Service.Contract\FoodSafety.Service.Contract.csproj", "{7FC203DF-9B4E-47BC-B0B0-04B913147E58}"
EndProject
Global
	GlobalSection(SolutionConfigurationPlatforms) = preSolution
		CD_ROM|Any CPU = CD_ROM|Any CPU
		CD_ROM|x64 = CD_ROM|x64
		CD_ROM|x86 = CD_ROM|x86
		Debug|Any CPU = Debug|Any CPU
		Debug|x64 = Debug|x64
		Debug|x86 = Debug|x86
		DVD-5|Any CPU = DVD-5|Any CPU
		DVD-5|x64 = DVD-5|x64
		DVD-5|x86 = DVD-5|x86
		Release|Any CPU = Release|Any CPU
		Release|x64 = Release|x64
		Release|x86 = Release|x86
		SingleImage|Any CPU = SingleImage|Any CPU
		SingleImage|x64 = SingleImage|x64
		SingleImage|x86 = SingleImage|x86
	EndGlobalSection
	GlobalSection(ProjectConfigurationPlatforms) = postSolution
		{ECFBE7C4-FFE7-43FB-BA15-684571506039}.CD_ROM|Any CPU.ActiveCfg = Release|Any CPU
		{ECFBE7C4-FFE7-43FB-BA15-684571506039}.CD_ROM|Any CPU.Build.0 = Release|Any CPU
		{ECFBE7C4-FFE7-43FB-BA15-684571506039}.CD_ROM|x64.ActiveCfg = Release|Any CPU
		{ECFBE7C4-FFE7-43FB-BA15-684571506039}.CD_ROM|x86.ActiveCfg = Release|Any CPU
		{ECFBE7C4-FFE7-43FB-BA15-684571506039}.Debug|Any CPU.ActiveCfg = Debug|Any CPU
		{ECFBE7C4-FFE7-43FB-BA15-684571506039}.Debug|Any CPU.Build.0 = Debug|Any CPU
		{ECFBE7C4-FFE7-43FB-BA15-684571506039}.Debug|x64.ActiveCfg = Debug|Any CPU
		{ECFBE7C4-FFE7-43FB-BA15-684571506039}.Debug|x86.ActiveCfg = Debug|Any CPU
		{ECFBE7C4-FFE7-43FB-BA15-684571506039}.DVD-5|Any CPU.ActiveCfg = Debug|Any CPU
		{ECFBE7C4-FFE7-43FB-BA15-684571506039}.DVD-5|Any CPU.Build.0 = Debug|Any CPU
		{ECFBE7C4-FFE7-43FB-BA15-684571506039}.DVD-5|x64.ActiveCfg = Debug|Any CPU
		{ECFBE7C4-FFE7-43FB-BA15-684571506039}.DVD-5|x86.ActiveCfg = Debug|Any CPU
		{ECFBE7C4-FFE7-43FB-BA15-684571506039}.Release|Any CPU.ActiveCfg = Release|Any CPU
		{ECFBE7C4-FFE7-43FB-BA15-684571506039}.Release|Any CPU.Build.0 = Release|Any CPU
		{ECFBE7C4-FFE7-43FB-BA15-684571506039}.Release|x64.ActiveCfg = Release|Any CPU
		{ECFBE7C4-FFE7-43FB-BA15-684571506039}.Release|x86.ActiveCfg = Release|Any CPU
		{ECFBE7C4-FFE7-43FB-BA15-684571506039}.SingleImage|Any CPU.ActiveCfg = Release|Any CPU
		{ECFBE7C4-FFE7-43FB-BA15-684571506039}.SingleImage|Any CPU.Build.0 = Release|Any CPU
		{ECFBE7C4-FFE7-43FB-BA15-684571506039}.SingleImage|x64.ActiveCfg = Release|Any CPU
		{ECFBE7C4-FFE7-43FB-BA15-684571506039}.SingleImage|x86.ActiveCfg = Release|Any CPU
		{CE73DA63-3B6B-49AF-A31E-70F9BB46B6FF}.CD_ROM|Any CPU.ActiveCfg = Release|Any CPU
		{CE73DA63-3B6B-49AF-A31E-70F9BB46B6FF}.CD_ROM|Any CPU.Build.0 = Release|Any CPU
		{CE73DA63-3B6B-49AF-A31E-70F9BB46B6FF}.CD_ROM|x64.ActiveCfg = Release|Any CPU
		{CE73DA63-3B6B-49AF-A31E-70F9BB46B6FF}.CD_ROM|x86.ActiveCfg = Release|x86
		{CE73DA63-3B6B-49AF-A31E-70F9BB46B6FF}.CD_ROM|x86.Build.0 = Release|x86
		{CE73DA63-3B6B-49AF-A31E-70F9BB46B6FF}.Debug|Any CPU.ActiveCfg = Debug|Any CPU
		{CE73DA63-3B6B-49AF-A31E-70F9BB46B6FF}.Debug|Any CPU.Build.0 = Debug|Any CPU
		{CE73DA63-3B6B-49AF-A31E-70F9BB46B6FF}.Debug|x64.ActiveCfg = Debug|x86
		{CE73DA63-3B6B-49AF-A31E-70F9BB46B6FF}.Debug|x86.ActiveCfg = Debug|x86
		{CE73DA63-3B6B-49AF-A31E-70F9BB46B6FF}.Debug|x86.Build.0 = Debug|x86
		{CE73DA63-3B6B-49AF-A31E-70F9BB46B6FF}.DVD-5|Any CPU.ActiveCfg = Debug|Any CPU
		{CE73DA63-3B6B-49AF-A31E-70F9BB46B6FF}.DVD-5|Any CPU.Build.0 = Debug|Any CPU
		{CE73DA63-3B6B-49AF-A31E-70F9BB46B6FF}.DVD-5|x64.ActiveCfg = Debug|Any CPU
		{CE73DA63-3B6B-49AF-A31E-70F9BB46B6FF}.DVD-5|x86.ActiveCfg = Debug|x86
		{CE73DA63-3B6B-49AF-A31E-70F9BB46B6FF}.DVD-5|x86.Build.0 = Debug|x86
		{CE73DA63-3B6B-49AF-A31E-70F9BB46B6FF}.Release|Any CPU.ActiveCfg = Release|Any CPU
		{CE73DA63-3B6B-49AF-A31E-70F9BB46B6FF}.Release|Any CPU.Build.0 = Release|Any CPU
		{CE73DA63-3B6B-49AF-A31E-70F9BB46B6FF}.Release|x64.ActiveCfg = Release|x86
		{CE73DA63-3B6B-49AF-A31E-70F9BB46B6FF}.Release|x86.ActiveCfg = Release|x86
		{CE73DA63-3B6B-49AF-A31E-70F9BB46B6FF}.Release|x86.Build.0 = Release|x86
		{CE73DA63-3B6B-49AF-A31E-70F9BB46B6FF}.SingleImage|Any CPU.ActiveCfg = Release|Any CPU
		{CE73DA63-3B6B-49AF-A31E-70F9BB46B6FF}.SingleImage|Any CPU.Build.0 = Release|Any CPU
		{CE73DA63-3B6B-49AF-A31E-70F9BB46B6FF}.SingleImage|x64.ActiveCfg = Release|Any CPU
		{CE73DA63-3B6B-49AF-A31E-70F9BB46B6FF}.SingleImage|x86.ActiveCfg = Release|x86
		{CE73DA63-3B6B-49AF-A31E-70F9BB46B6FF}.SingleImage|x86.Build.0 = Release|x86
		{DDF7C87D-1462-444B-831D-AE9733C1C97F}.CD_ROM|Any CPU.ActiveCfg = Release|Any CPU
		{DDF7C87D-1462-444B-831D-AE9733C1C97F}.CD_ROM|Any CPU.Build.0 = Release|Any CPU
		{DDF7C87D-1462-444B-831D-AE9733C1C97F}.CD_ROM|x64.ActiveCfg = Release|Any CPU
		{DDF7C87D-1462-444B-831D-AE9733C1C97F}.CD_ROM|x86.ActiveCfg = Release|Any CPU
		{DDF7C87D-1462-444B-831D-AE9733C1C97F}.Debug|Any CPU.ActiveCfg = Debug|Any CPU
		{DDF7C87D-1462-444B-831D-AE9733C1C97F}.Debug|Any CPU.Build.0 = Debug|Any CPU
		{DDF7C87D-1462-444B-831D-AE9733C1C97F}.Debug|x64.ActiveCfg = Debug|Any CPU
		{DDF7C87D-1462-444B-831D-AE9733C1C97F}.Debug|x86.ActiveCfg = Debug|Any CPU
		{DDF7C87D-1462-444B-831D-AE9733C1C97F}.DVD-5|Any CPU.ActiveCfg = Debug|Any CPU
		{DDF7C87D-1462-444B-831D-AE9733C1C97F}.DVD-5|Any CPU.Build.0 = Debug|Any CPU
		{DDF7C87D-1462-444B-831D-AE9733C1C97F}.DVD-5|x64.ActiveCfg = Debug|Any CPU
		{DDF7C87D-1462-444B-831D-AE9733C1C97F}.DVD-5|x86.ActiveCfg = Debug|Any CPU
		{DDF7C87D-1462-444B-831D-AE9733C1C97F}.Release|Any CPU.ActiveCfg = Release|Any CPU
		{DDF7C87D-1462-444B-831D-AE9733C1C97F}.Release|Any CPU.Build.0 = Release|Any CPU
		{DDF7C87D-1462-444B-831D-AE9733C1C97F}.Release|x64.ActiveCfg = Release|Any CPU
		{DDF7C87D-1462-444B-831D-AE9733C1C97F}.Release|x86.ActiveCfg = Release|Any CPU
		{DDF7C87D-1462-444B-831D-AE9733C1C97F}.SingleImage|Any CPU.ActiveCfg = Release|Any CPU
		{DDF7C87D-1462-444B-831D-AE9733C1C97F}.SingleImage|Any CPU.Build.0 = Release|Any CPU
		{DDF7C87D-1462-444B-831D-AE9733C1C97F}.SingleImage|x64.ActiveCfg = Release|Any CPU
		{DDF7C87D-1462-444B-831D-AE9733C1C97F}.SingleImage|x86.ActiveCfg = Release|Any CPU
		{6E33B6F2-A212-46A8-A394-84672F7CA82B}.CD_ROM|Any CPU.ActiveCfg = CD_ROM
		{6E33B6F2-A212-46A8-A394-84672F7CA82B}.CD_ROM|Any CPU.Build.0 = CD_ROM
		{6E33B6F2-A212-46A8-A394-84672F7CA82B}.CD_ROM|x64.ActiveCfg = CD_ROM
		{6E33B6F2-A212-46A8-A394-84672F7CA82B}.CD_ROM|x64.Build.0 = CD_ROM
		{6E33B6F2-A212-46A8-A394-84672F7CA82B}.CD_ROM|x86.ActiveCfg = CD_ROM
		{6E33B6F2-A212-46A8-A394-84672F7CA82B}.CD_ROM|x86.Build.0 = CD_ROM
		{6E33B6F2-A212-46A8-A394-84672F7CA82B}.Debug|Any CPU.ActiveCfg = DVD-5
		{6E33B6F2-A212-46A8-A394-84672F7CA82B}.Debug|Any CPU.Build.0 = DVD-5
		{6E33B6F2-A212-46A8-A394-84672F7CA82B}.Debug|x64.ActiveCfg = DVD-5
		{6E33B6F2-A212-46A8-A394-84672F7CA82B}.Debug|x64.Build.0 = DVD-5
		{6E33B6F2-A212-46A8-A394-84672F7CA82B}.Debug|x86.ActiveCfg = DVD-5
		{6E33B6F2-A212-46A8-A394-84672F7CA82B}.Debug|x86.Build.0 = DVD-5
		{6E33B6F2-A212-46A8-A394-84672F7CA82B}.DVD-5|Any CPU.ActiveCfg = DVD-5
		{6E33B6F2-A212-46A8-A394-84672F7CA82B}.DVD-5|Any CPU.Build.0 = DVD-5
		{6E33B6F2-A212-46A8-A394-84672F7CA82B}.DVD-5|x64.ActiveCfg = DVD-5
		{6E33B6F2-A212-46A8-A394-84672F7CA82B}.DVD-5|x64.Build.0 = DVD-5
		{6E33B6F2-A212-46A8-A394-84672F7CA82B}.DVD-5|x86.ActiveCfg = DVD-5
		{6E33B6F2-A212-46A8-A394-84672F7CA82B}.DVD-5|x86.Build.0 = DVD-5
		{6E33B6F2-A212-46A8-A394-84672F7CA82B}.Release|Any CPU.ActiveCfg = SingleImage
		{6E33B6F2-A212-46A8-A394-84672F7CA82B}.Release|Any CPU.Build.0 = SingleImage
		{6E33B6F2-A212-46A8-A394-84672F7CA82B}.Release|x64.ActiveCfg = SingleImage
		{6E33B6F2-A212-46A8-A394-84672F7CA82B}.Release|x64.Build.0 = SingleImage
		{6E33B6F2-A212-46A8-A394-84672F7CA82B}.Release|x86.ActiveCfg = SingleImage
		{6E33B6F2-A212-46A8-A394-84672F7CA82B}.Release|x86.Build.0 = SingleImage
		{6E33B6F2-A212-46A8-A394-84672F7CA82B}.SingleImage|Any CPU.ActiveCfg = SingleImage
		{6E33B6F2-A212-46A8-A394-84672F7CA82B}.SingleImage|Any CPU.Build.0 = SingleImage
		{6E33B6F2-A212-46A8-A394-84672F7CA82B}.SingleImage|x64.ActiveCfg = SingleImage
		{6E33B6F2-A212-46A8-A394-84672F7CA82B}.SingleImage|x64.Build.0 = SingleImage
		{6E33B6F2-A212-46A8-A394-84672F7CA82B}.SingleImage|x86.ActiveCfg = SingleImage
		{6E33B6F2-A212-46A8-A394-84672F7CA82B}.SingleImage|x86.Build.0 = SingleImage
		{6D69DA6D-CF7A-47C4-B262-9CB44CA58CCA}.CD_ROM|Any CPU.ActiveCfg = Release|Any CPU
		{6D69DA6D-CF7A-47C4-B262-9CB44CA58CCA}.CD_ROM|Any CPU.Build.0 = Release|Any CPU
		{6D69DA6D-CF7A-47C4-B262-9CB44CA58CCA}.CD_ROM|x64.ActiveCfg = Release|Any CPU
		{6D69DA6D-CF7A-47C4-B262-9CB44CA58CCA}.CD_ROM|x86.ActiveCfg = Release|Any CPU
		{6D69DA6D-CF7A-47C4-B262-9CB44CA58CCA}.Debug|Any CPU.ActiveCfg = Debug|Any CPU
		{6D69DA6D-CF7A-47C4-B262-9CB44CA58CCA}.Debug|Any CPU.Build.0 = Debug|Any CPU
		{6D69DA6D-CF7A-47C4-B262-9CB44CA58CCA}.Debug|x64.ActiveCfg = Debug|Any CPU
		{6D69DA6D-CF7A-47C4-B262-9CB44CA58CCA}.Debug|x86.ActiveCfg = Debug|Any CPU
		{6D69DA6D-CF7A-47C4-B262-9CB44CA58CCA}.DVD-5|Any CPU.ActiveCfg = Debug|Any CPU
		{6D69DA6D-CF7A-47C4-B262-9CB44CA58CCA}.DVD-5|Any CPU.Build.0 = Debug|Any CPU
		{6D69DA6D-CF7A-47C4-B262-9CB44CA58CCA}.DVD-5|x64.ActiveCfg = Debug|Any CPU
		{6D69DA6D-CF7A-47C4-B262-9CB44CA58CCA}.DVD-5|x86.ActiveCfg = Debug|Any CPU
		{6D69DA6D-CF7A-47C4-B262-9CB44CA58CCA}.Release|Any CPU.ActiveCfg = Release|Any CPU
		{6D69DA6D-CF7A-47C4-B262-9CB44CA58CCA}.Release|Any CPU.Build.0 = Release|Any CPU
		{6D69DA6D-CF7A-47C4-B262-9CB44CA58CCA}.Release|x64.ActiveCfg = Release|Any CPU
		{6D69DA6D-CF7A-47C4-B262-9CB44CA58CCA}.Release|x86.ActiveCfg = Release|Any CPU
		{6D69DA6D-CF7A-47C4-B262-9CB44CA58CCA}.SingleImage|Any CPU.ActiveCfg = Release|Any CPU
		{6D69DA6D-CF7A-47C4-B262-9CB44CA58CCA}.SingleImage|Any CPU.Build.0 = Release|Any CPU
		{6D69DA6D-CF7A-47C4-B262-9CB44CA58CCA}.SingleImage|x64.ActiveCfg = Release|Any CPU
		{6D69DA6D-CF7A-47C4-B262-9CB44CA58CCA}.SingleImage|x86.ActiveCfg = Release|Any CPU
		{F96CEE9F-12B6-4343-84B8-30F9D863AAC6}.CD_ROM|Any CPU.ActiveCfg = Release|Any CPU
		{F96CEE9F-12B6-4343-84B8-30F9D863AAC6}.CD_ROM|Any CPU.Build.0 = Release|Any CPU
		{F96CEE9F-12B6-4343-84B8-30F9D863AAC6}.CD_ROM|x64.ActiveCfg = Release|Any CPU
		{F96CEE9F-12B6-4343-84B8-30F9D863AAC6}.CD_ROM|x86.ActiveCfg = Release|Any CPU
		{F96CEE9F-12B6-4343-84B8-30F9D863AAC6}.Debug|Any CPU.ActiveCfg = Debug|Any CPU
		{F96CEE9F-12B6-4343-84B8-30F9D863AAC6}.Debug|Any CPU.Build.0 = Debug|Any CPU
		{F96CEE9F-12B6-4343-84B8-30F9D863AAC6}.Debug|x64.ActiveCfg = Debug|Any CPU
		{F96CEE9F-12B6-4343-84B8-30F9D863AAC6}.Debug|x86.ActiveCfg = Debug|Any CPU
		{F96CEE9F-12B6-4343-84B8-30F9D863AAC6}.DVD-5|Any CPU.ActiveCfg = Debug|Any CPU
		{F96CEE9F-12B6-4343-84B8-30F9D863AAC6}.DVD-5|Any CPU.Build.0 = Debug|Any CPU
		{F96CEE9F-12B6-4343-84B8-30F9D863AAC6}.DVD-5|x64.ActiveCfg = Debug|Any CPU
		{F96CEE9F-12B6-4343-84B8-30F9D863AAC6}.DVD-5|x86.ActiveCfg = Debug|Any CPU
		{F96CEE9F-12B6-4343-84B8-30F9D863AAC6}.Release|Any CPU.ActiveCfg = Release|Any CPU
		{F96CEE9F-12B6-4343-84B8-30F9D863AAC6}.Release|Any CPU.Build.0 = Release|Any CPU
		{F96CEE9F-12B6-4343-84B8-30F9D863AAC6}.Release|x64.ActiveCfg = Release|Any CPU
		{F96CEE9F-12B6-4343-84B8-30F9D863AAC6}.Release|x86.ActiveCfg = Release|Any CPU
		{F96CEE9F-12B6-4343-84B8-30F9D863AAC6}.SingleImage|Any CPU.ActiveCfg = Release|Any CPU
		{F96CEE9F-12B6-4343-84B8-30F9D863AAC6}.SingleImage|Any CPU.Build.0 = Release|Any CPU
		{F96CEE9F-12B6-4343-84B8-30F9D863AAC6}.SingleImage|x64.ActiveCfg = Release|Any CPU
		{F96CEE9F-12B6-4343-84B8-30F9D863AAC6}.SingleImage|x86.ActiveCfg = Release|Any CPU
		{00AEC28D-B1EA-4F01-A14C-67543F3FC2D2}.CD_ROM|Any CPU.ActiveCfg = Release|Any CPU
		{00AEC28D-B1EA-4F01-A14C-67543F3FC2D2}.CD_ROM|Any CPU.Build.0 = Release|Any CPU
		{00AEC28D-B1EA-4F01-A14C-67543F3FC2D2}.CD_ROM|x64.ActiveCfg = Release|Any CPU
		{00AEC28D-B1EA-4F01-A14C-67543F3FC2D2}.CD_ROM|x86.ActiveCfg = Release|Any CPU
		{00AEC28D-B1EA-4F01-A14C-67543F3FC2D2}.Debug|Any CPU.ActiveCfg = Debug|Any CPU
		{00AEC28D-B1EA-4F01-A14C-67543F3FC2D2}.Debug|Any CPU.Build.0 = Debug|Any CPU
		{00AEC28D-B1EA-4F01-A14C-67543F3FC2D2}.Debug|x64.ActiveCfg = Debug|Any CPU
		{00AEC28D-B1EA-4F01-A14C-67543F3FC2D2}.Debug|x86.ActiveCfg = Debug|Any CPU
		{00AEC28D-B1EA-4F01-A14C-67543F3FC2D2}.DVD-5|Any CPU.ActiveCfg = Debug|Any CPU
		{00AEC28D-B1EA-4F01-A14C-67543F3FC2D2}.DVD-5|Any CPU.Build.0 = Debug|Any CPU
		{00AEC28D-B1EA-4F01-A14C-67543F3FC2D2}.DVD-5|x64.ActiveCfg = Debug|Any CPU
		{00AEC28D-B1EA-4F01-A14C-67543F3FC2D2}.DVD-5|x86.ActiveCfg = Debug|Any CPU
		{00AEC28D-B1EA-4F01-A14C-67543F3FC2D2}.Release|Any CPU.ActiveCfg = Release|Any CPU
		{00AEC28D-B1EA-4F01-A14C-67543F3FC2D2}.Release|Any CPU.Build.0 = Release|Any CPU
		{00AEC28D-B1EA-4F01-A14C-67543F3FC2D2}.Release|x64.ActiveCfg = Release|Any CPU
		{00AEC28D-B1EA-4F01-A14C-67543F3FC2D2}.Release|x86.ActiveCfg = Release|Any CPU
		{00AEC28D-B1EA-4F01-A14C-67543F3FC2D2}.SingleImage|Any CPU.ActiveCfg = Release|Any CPU
		{00AEC28D-B1EA-4F01-A14C-67543F3FC2D2}.SingleImage|Any CPU.Build.0 = Release|Any CPU
		{00AEC28D-B1EA-4F01-A14C-67543F3FC2D2}.SingleImage|x64.ActiveCfg = Release|Any CPU
		{00AEC28D-B1EA-4F01-A14C-67543F3FC2D2}.SingleImage|x86.ActiveCfg = Release|Any CPU
		{357045E2-4775-4682-84B2-194B6BBACF2F}.CD_ROM|Any CPU.ActiveCfg = Release|Any CPU
		{357045E2-4775-4682-84B2-194B6BBACF2F}.CD_ROM|Any CPU.Build.0 = Release|Any CPU
		{357045E2-4775-4682-84B2-194B6BBACF2F}.CD_ROM|x64.ActiveCfg = Release|Any CPU
		{357045E2-4775-4682-84B2-194B6BBACF2F}.CD_ROM|x86.ActiveCfg = Release|Any CPU
		{357045E2-4775-4682-84B2-194B6BBACF2F}.Debug|Any CPU.ActiveCfg = Debug|Any CPU
		{357045E2-4775-4682-84B2-194B6BBACF2F}.Debug|Any CPU.Build.0 = Debug|Any CPU
		{357045E2-4775-4682-84B2-194B6BBACF2F}.Debug|x64.ActiveCfg = Debug|Any CPU
		{357045E2-4775-4682-84B2-194B6BBACF2F}.Debug|x86.ActiveCfg = Debug|Any CPU
		{357045E2-4775-4682-84B2-194B6BBACF2F}.DVD-5|Any CPU.ActiveCfg = Debug|Any CPU
		{357045E2-4775-4682-84B2-194B6BBACF2F}.DVD-5|Any CPU.Build.0 = Debug|Any CPU
		{357045E2-4775-4682-84B2-194B6BBACF2F}.DVD-5|x64.ActiveCfg = Debug|Any CPU
		{357045E2-4775-4682-84B2-194B6BBACF2F}.DVD-5|x86.ActiveCfg = Debug|Any CPU
		{357045E2-4775-4682-84B2-194B6BBACF2F}.Release|Any CPU.ActiveCfg = Release|Any CPU
		{357045E2-4775-4682-84B2-194B6BBACF2F}.Release|Any CPU.Build.0 = Release|Any CPU
		{357045E2-4775-4682-84B2-194B6BBACF2F}.Release|x64.ActiveCfg = Release|Any CPU
		{357045E2-4775-4682-84B2-194B6BBACF2F}.Release|x86.ActiveCfg = Release|Any CPU
		{357045E2-4775-4682-84B2-194B6BBACF2F}.SingleImage|Any CPU.ActiveCfg = Release|Any CPU
		{357045E2-4775-4682-84B2-194B6BBACF2F}.SingleImage|Any CPU.Build.0 = Release|Any CPU
		{357045E2-4775-4682-84B2-194B6BBACF2F}.SingleImage|x64.ActiveCfg = Release|Any CPU
		{357045E2-4775-4682-84B2-194B6BBACF2F}.SingleImage|x86.ActiveCfg = Release|Any CPU
		{01EC056E-63BF-4374-94E5-8E4A2553C401}.CD_ROM|Any CPU.ActiveCfg = Release|Any CPU
		{01EC056E-63BF-4374-94E5-8E4A2553C401}.CD_ROM|Any CPU.Build.0 = Release|Any CPU
		{01EC056E-63BF-4374-94E5-8E4A2553C401}.CD_ROM|x64.ActiveCfg = Release|Any CPU
		{01EC056E-63BF-4374-94E5-8E4A2553C401}.CD_ROM|x86.ActiveCfg = Release|Any CPU
		{01EC056E-63BF-4374-94E5-8E4A2553C401}.Debug|Any CPU.ActiveCfg = Debug|Any CPU
		{01EC056E-63BF-4374-94E5-8E4A2553C401}.Debug|Any CPU.Build.0 = Debug|Any CPU
		{01EC056E-63BF-4374-94E5-8E4A2553C401}.Debug|x64.ActiveCfg = Debug|Any CPU
		{01EC056E-63BF-4374-94E5-8E4A2553C401}.Debug|x86.ActiveCfg = Debug|Any CPU
		{01EC056E-63BF-4374-94E5-8E4A2553C401}.DVD-5|Any CPU.ActiveCfg = Debug|Any CPU
		{01EC056E-63BF-4374-94E5-8E4A2553C401}.DVD-5|Any CPU.Build.0 = Debug|Any CPU
		{01EC056E-63BF-4374-94E5-8E4A2553C401}.DVD-5|x64.ActiveCfg = Debug|Any CPU
		{01EC056E-63BF-4374-94E5-8E4A2553C401}.DVD-5|x86.ActiveCfg = Debug|Any CPU
		{01EC056E-63BF-4374-94E5-8E4A2553C401}.Release|Any CPU.ActiveCfg = Release|Any CPU
		{01EC056E-63BF-4374-94E5-8E4A2553C401}.Release|Any CPU.Build.0 = Release|Any CPU
		{01EC056E-63BF-4374-94E5-8E4A2553C401}.Release|x64.ActiveCfg = Release|Any CPU
		{01EC056E-63BF-4374-94E5-8E4A2553C401}.Release|x86.ActiveCfg = Release|Any CPU
		{01EC056E-63BF-4374-94E5-8E4A2553C401}.SingleImage|Any CPU.ActiveCfg = Release|Any CPU
		{01EC056E-63BF-4374-94E5-8E4A2553C401}.SingleImage|Any CPU.Build.0 = Release|Any CPU
		{01EC056E-63BF-4374-94E5-8E4A2553C401}.SingleImage|x64.ActiveCfg = Release|Any CPU
		{01EC056E-63BF-4374-94E5-8E4A2553C401}.SingleImage|x86.ActiveCfg = Release|Any CPU
		{7FC203DF-9B4E-47BC-B0B0-04B913147E58}.CD_ROM|Any CPU.ActiveCfg = Release|Any CPU
		{7FC203DF-9B4E-47BC-B0B0-04B913147E58}.CD_ROM|Any CPU.Build.0 = Release|Any CPU
		{7FC203DF-9B4E-47BC-B0B0-04B913147E58}.CD_ROM|x64.ActiveCfg = Release|Any CPU
		{7FC203DF-9B4E-47BC-B0B0-04B913147E58}.CD_ROM|x86.ActiveCfg = Release|Any CPU
		{7FC203DF-9B4E-47BC-B0B0-04B913147E58}.Debug|Any CPU.ActiveCfg = Debug|Any CPU
		{7FC203DF-9B4E-47BC-B0B0-04B913147E58}.Debug|Any CPU.Build.0 = Debug|Any CPU
		{7FC203DF-9B4E-47BC-B0B0-04B913147E58}.Debug|x64.ActiveCfg = Debug|Any CPU
		{7FC203DF-9B4E-47BC-B0B0-04B913147E58}.Debug|x86.ActiveCfg = Debug|Any CPU
		{7FC203DF-9B4E-47BC-B0B0-04B913147E58}.DVD-5|Any CPU.ActiveCfg = Debug|Any CPU
		{7FC203DF-9B4E-47BC-B0B0-04B913147E58}.DVD-5|Any CPU.Build.0 = Debug|Any CPU
		{7FC203DF-9B4E-47BC-B0B0-04B913147E58}.DVD-5|x64.ActiveCfg = Debug|Any CPU
		{7FC203DF-9B4E-47BC-B0B0-04B913147E58}.DVD-5|x86.ActiveCfg = Debug|Any CPU
		{7FC203DF-9B4E-47BC-B0B0-04B913147E58}.Release|Any CPU.ActiveCfg = Release|Any CPU
		{7FC203DF-9B4E-47BC-B0B0-04B913147E58}.Release|Any CPU.Build.0 = Release|Any CPU
		{7FC203DF-9B4E-47BC-B0B0-04B913147E58}.Release|x64.ActiveCfg = Release|Any CPU
		{7FC203DF-9B4E-47BC-B0B0-04B913147E58}.Release|x86.ActiveCfg = Release|Any CPU
		{7FC203DF-9B4E-47BC-B0B0-04B913147E58}.SingleImage|Any CPU.ActiveCfg = Release|Any CPU
		{7FC203DF-9B4E-47BC-B0B0-04B913147E58}.SingleImage|Any CPU.Build.0 = Release|Any CPU
		{7FC203DF-9B4E-47BC-B0B0-04B913147E58}.SingleImage|x64.ActiveCfg = Release|Any CPU
		{7FC203DF-9B4E-47BC-B0B0-04B913147E58}.SingleImage|x86.ActiveCfg = Release|Any CPU
	EndGlobalSection
	GlobalSection(SolutionProperties) = preSolution
		HideSolutionNode = FALSE
	EndGlobalSection
EndGlobal
